
Microsoft Visual Studio Solution File, Format Version 12.00
# Visual Studio Version 17
VisualStudioVersion = 17.11.35327.3
MinimumVisualStudioVersion = 10.0.40219.1
Project("{FAE04EC0-301F-11D3-BF4B-00C04F79EFBC}") = "PFS", "PFS\PFS.csproj", "{A1926788-3054-4886-8EDC-B217CDA5E0D5}"
EndProject
Global
	GlobalSection(SolutionConfigurationPlatforms) = preSolution
		Debug|Any CPU = Debug|Any CPU
		Release|Any CPU = Release|Any CPU
	EndGlobalSection
	GlobalSection(ProjectConfigurationPlatforms) = postSolution
		{A1926788-3054-4886-8EDC-B217CDA5E0D5}.Debug|Any CPU.ActiveCfg = Debug|Any CPU
		{A1926788-3054-4886-8EDC-B217CDA5E0D5}.Debug|Any CPU.Build.0 = Debug|Any CPU
		{A1926788-3054-4886-8EDC-B217CDA5E0D5}.Release|Any CPU.ActiveCfg = Release|Any CPU
		{A1926788-3054-4886-8EDC-B217CDA5E0D5}.Release|Any CPU.Build.0 = Release|Any CPU
	EndGlobalSection
	GlobalSection(SolutionProperties) = preSolution
		HideSolutionNode = FALSE
	EndGlobalSection
	GlobalSection(ExtensibilityGlobals) = postSolution
		SolutionGuid = {70C34CFE-29BD-4EE6-A4F4-4436AAAC8D41}
	EndGlobalSection
EndGlobal
